
Microsoft Visual Studio Solution File, Format Version 12.00
# Visual Studio Version 17
VisualStudioVersion = 17.3.32901.215
MinimumVisualStudioVersion = 10.0.40219.1
Project("{FAE04EC0-301F-11D3-BF4B-00C04F79EFBC}") = "anonyprime28", "anonyprime28\anonyprime28.csproj", "{C1780452-F056-417D-BD14-2AB9FAC291DE}"
EndProject
Global
	GlobalSection(SolutionConfigurationPlatforms) = preSolution
		Debug|Any CPU = Debug|Any CPU
		Release|Any CPU = Release|Any CPU
	EndGlobalSection
	GlobalSection(ProjectConfigurationPlatforms) = postSolution
		{C1780452-F056-417D-BD14-2AB9FAC291DE}.Debug|Any CPU.ActiveCfg = Debug|Any CPU
		{C1780452-F056-417D-BD14-2AB9FAC291DE}.Debug|Any CPU.Build.0 = Debug|Any CPU
		{C1780452-F056-417D-BD14-2AB9FAC291DE}.Release|Any CPU.ActiveCfg = Release|Any CPU
		{C1780452-F056-417D-BD14-2AB9FAC291DE}.Release|Any CPU.Build.0 = Release|Any CPU
	EndGlobalSection
	GlobalSection(SolutionProperties) = preSolution
		HideSolutionNode = FALSE
	EndGlobalSection
	GlobalSection(ExtensibilityGlobals) = postSolution
		SolutionGuid = {8B5EA4CB-8D07-4A51-9BB0-B92A29CE56BA}
	EndGlobalSection
EndGlobal
