
Microsoft Visual Studio Solution File, Format Version 12.00
# Visual Studio Version 17
VisualStudioVersion = 17.3.32901.215
MinimumVisualStudioVersion = 10.0.40219.1
Project("{FAE04EC0-301F-11D3-BF4B-00C04F79EFBC}") = "University23", "University23\University23.csproj", "{B7DF90B6-ADDA-40EE-A94A-FDDEF6C9AC3B}"
EndProject
Global
	GlobalSection(SolutionConfigurationPlatforms) = preSolution
		Debug|Any CPU = Debug|Any CPU
		Release|Any CPU = Release|Any CPU
	EndGlobalSection
	GlobalSection(ProjectConfigurationPlatforms) = postSolution
		{B7DF90B6-ADDA-40EE-A94A-FDDEF6C9AC3B}.Debug|Any CPU.ActiveCfg = Debug|Any CPU
		{B7DF90B6-ADDA-40EE-A94A-FDDEF6C9AC3B}.Debug|Any CPU.Build.0 = Debug|Any CPU
		{B7DF90B6-ADDA-40EE-A94A-FDDEF6C9AC3B}.Release|Any CPU.ActiveCfg = Release|Any CPU
		{B7DF90B6-ADDA-40EE-A94A-FDDEF6C9AC3B}.Release|Any CPU.Build.0 = Release|Any CPU
	EndGlobalSection
	GlobalSection(SolutionProperties) = preSolution
		HideSolutionNode = FALSE
	EndGlobalSection
	GlobalSection(ExtensibilityGlobals) = postSolution
		SolutionGuid = {1F79281A-D3F7-4C8B-9C3A-ABF77B9802D8}
	EndGlobalSection
EndGlobal
