
Microsoft Visual Studio Solution File, Format Version 12.00
# Visual Studio Version 17
VisualStudioVersion = 17.3.32901.215
MinimumVisualStudioVersion = 10.0.40219.1
Project("{FAE04EC0-301F-11D3-BF4B-00C04F79EFBC}") = "mergearray", "mergearray\mergearray.csproj", "{747DA6DF-DD17-4F78-A902-3987EC17475E}"
EndProject
Global
	GlobalSection(SolutionConfigurationPlatforms) = preSolution
		Debug|Any CPU = Debug|Any CPU
		Release|Any CPU = Release|Any CPU
	EndGlobalSection
	GlobalSection(ProjectConfigurationPlatforms) = postSolution
		{747DA6DF-DD17-4F78-A902-3987EC17475E}.Debug|Any CPU.ActiveCfg = Debug|Any CPU
		{747DA6DF-DD17-4F78-A902-3987EC17475E}.Debug|Any CPU.Build.0 = Debug|Any CPU
		{747DA6DF-DD17-4F78-A902-3987EC17475E}.Release|Any CPU.ActiveCfg = Release|Any CPU
		{747DA6DF-DD17-4F78-A902-3987EC17475E}.Release|Any CPU.Build.0 = Release|Any CPU
	EndGlobalSection
	GlobalSection(SolutionProperties) = preSolution
		HideSolutionNode = FALSE
	EndGlobalSection
	GlobalSection(ExtensibilityGlobals) = postSolution
		SolutionGuid = {3848EA98-B0C7-432E-92F2-AB59C9F509AB}
	EndGlobalSection
EndGlobal
