
Microsoft Visual Studio Solution File, Format Version 12.00
# Visual Studio Version 17
VisualStudioVersion = 17.3.32901.215
MinimumVisualStudioVersion = 10.0.40219.1
Project("{FAE04EC0-301F-11D3-BF4B-00C04F79EFBC}") = "Operations23", "Operations23\Operations23.csproj", "{A01654C4-2EDD-417C-A943-7FD96954B3DF}"
EndProject
Global
	GlobalSection(SolutionConfigurationPlatforms) = preSolution
		Debug|Any CPU = Debug|Any CPU
		Release|Any CPU = Release|Any CPU
	EndGlobalSection
	GlobalSection(ProjectConfigurationPlatforms) = postSolution
		{A01654C4-2EDD-417C-A943-7FD96954B3DF}.Debug|Any CPU.ActiveCfg = Debug|Any CPU
		{A01654C4-2EDD-417C-A943-7FD96954B3DF}.Debug|Any CPU.Build.0 = Debug|Any CPU
		{A01654C4-2EDD-417C-A943-7FD96954B3DF}.Release|Any CPU.ActiveCfg = Release|Any CPU
		{A01654C4-2EDD-417C-A943-7FD96954B3DF}.Release|Any CPU.Build.0 = Release|Any CPU
	EndGlobalSection
	GlobalSection(SolutionProperties) = preSolution
		HideSolutionNode = FALSE
	EndGlobalSection
	GlobalSection(ExtensibilityGlobals) = postSolution
		SolutionGuid = {4685B34C-23C3-442F-A5AE-8769024B21C3}
	EndGlobalSection
EndGlobal
